
Microsoft Visual Studio Solution File, Format Version 12.00
# Visual Studio Version 16
VisualStudioVersion = 16.0.33328.57
MinimumVisualStudioVersion = 10.0.40219.1
Project("{9A19103F-16F7-4668-BE54-9A1E7A4F7556}") = "CarDeal", "WebApplication1\CarDeal.csproj", "{042EC9D7-21BC-4CA3-87B1-F562047B40EF}"
EndProject
Project("{FAE04EC0-301F-11D3-BF4B-00C04F79EFBC}") = "Tests", "Tests\Tests.csproj", "{4E391FF0-7AE9-491E-B85A-DCF7F3975323}"
EndProject
Global
	GlobalSection(SolutionConfigurationPlatforms) = preSolution
		Debug|Any CPU = Debug|Any CPU
		Release|Any CPU = Release|Any CPU
	EndGlobalSection
	GlobalSection(ProjectConfigurationPlatforms) = postSolution
		{042EC9D7-21BC-4CA3-87B1-F562047B40EF}.Debug|Any CPU.ActiveCfg = Debug|Any CPU
		{042EC9D7-21BC-4CA3-87B1-F562047B40EF}.Debug|Any CPU.Build.0 = Debug|Any CPU
		{042EC9D7-21BC-4CA3-87B1-F562047B40EF}.Release|Any CPU.ActiveCfg = Release|Any CPU
		{042EC9D7-21BC-4CA3-87B1-F562047B40EF}.Release|Any CPU.Build.0 = Release|Any CPU
		{4E391FF0-7AE9-491E-B85A-DCF7F3975323}.Debug|Any CPU.ActiveCfg = Debug|Any CPU
		{4E391FF0-7AE9-491E-B85A-DCF7F3975323}.Debug|Any CPU.Build.0 = Debug|Any CPU
		{4E391FF0-7AE9-491E-B85A-DCF7F3975323}.Release|Any CPU.ActiveCfg = Release|Any CPU
		{4E391FF0-7AE9-491E-B85A-DCF7F3975323}.Release|Any CPU.Build.0 = Release|Any CPU
	EndGlobalSection
	GlobalSection(SolutionProperties) = preSolution
		HideSolutionNode = FALSE
	EndGlobalSection
	GlobalSection(ExtensibilityGlobals) = postSolution
		SolutionGuid = {B09A93AB-5F0A-47AC-8DD2-961C705B81D1}
	EndGlobalSection
EndGlobal
